
Microsoft Visual Studio Solution File, Format Version 12.00
# Visual Studio Version 16
VisualStudioVersion = 16.0.30406.217
MinimumVisualStudioVersion = 10.0.40219.1
Project("{8BC9CEB8-8B4A-11D0-8D11-00A0C91BC942}") = "CG_2", "CG_test1\CG_test1.vcxproj", "{B63B9B89-91C1-4B0C-AE5F-E45118D3DD92}"
EndProject
Project("{8BC9CEB8-8B4A-11D0-8D11-00A0C91BC942}") = "CG_1", "CG_1\CG_1.vcxproj", "{60E1B1CD-C812-48B3-892E-2B2344AECAD9}"
EndProject
Project("{8BC9CEB8-8B4A-11D0-8D11-00A0C91BC942}") = "CG_1_viewingbox", "CG_2\CG_2.vcxproj", "{0AEE4B4C-C486-4EE5-83D1-4457484FB4A0}"
EndProject
Project("{8BC9CEB8-8B4A-11D0-8D11-00A0C91BC942}") = "CG_2_linedrawing", "CG_2_linedrawing\CG_2_linedrawing.vcxproj", "{5BB1BCF1-15D3-4139-BB8A-199604819F02}"
EndProject
Project("{8BC9CEB8-8B4A-11D0-8D11-00A0C91BC942}") = "CG_3_linestrip", "CG_3_linestrip\CG_3_linestrip.vcxproj", "{6BF3959C-F624-425A-BEB4-FF058EC9D25A}"
EndProject
Project("{8BC9CEB8-8B4A-11D0-8D11-00A0C91BC942}") = "CG_3_dinosaur", "CG_3_dinosaur\CG_3_dinosaur.vcxproj", "{4B25F882-76AB-48E5-B9CB-5FC680D643B4}"
EndProject
Project("{8BC9CEB8-8B4A-11D0-8D11-00A0C91BC942}") = "CG_3_rectangle", "CG_3_rectangle\CG_3_rectangle.vcxproj", "{87B55647-560E-4D76-8467-7D4CAC71A4EA}"
EndProject
Project("{8BC9CEB8-8B4A-11D0-8D11-00A0C91BC942}") = "CG_3_polygon", "CG_3_polygon\CG_3_polygon.vcxproj", "{C68EBAEE-31C1-4378-83F4-8813CADD244F}"
EndProject
Project("{8BC9CEB8-8B4A-11D0-8D11-00A0C91BC942}") = "CG_3_convexpolygon", "CG_3_convexpolygon\CG_3_convexpolygon.vcxproj", "{F65286BE-9AE4-42EE-86E2-B5DDFB5DFFE1}"
EndProject
Project("{8BC9CEB8-8B4A-11D0-8D11-00A0C91BC942}") = "CG_3_rosette", "CG_3_rosette\CG_3_rosette.vcxproj", "{0C76D612-EC0D-49AF-B93A-93F2C0A05075}"
EndProject
Project("{8BC9CEB8-8B4A-11D0-8D11-00A0C91BC942}") = "CG_3_triangle", "CG_3_triangle\CG_3_triangle.vcxproj", "{5111675A-E6D9-4B23-A8F1-1FE3F6D6D794}"
EndProject
Project("{8BC9CEB8-8B4A-11D0-8D11-00A0C91BC942}") = "CG_3_trianglestrip", "CG_3_trianglestrip\CG_3_trianglestrip.vcxproj", "{699C4080-E55C-413C-BD8D-B061381DFD79}"
EndProject
Project("{8BC9CEB8-8B4A-11D0-8D11-00A0C91BC942}") = "CG_4_viewport", "CG_4_viewport\CG_4_viewport.vcxproj", "{E18C9DB5-9FBE-446C-A25F-ACCB08F83840}"
EndProject
Project("{8BC9CEB8-8B4A-11D0-8D11-00A0C91BC942}") = "CG_4_viewport_dinosaurs", "CG_4_viewport_dinosaurs\CG_4_viewport_dinosaurs.vcxproj", "{DDCCAC67-2A6A-4CFB-8CB6-05E17A2496BC}"
EndProject
Project("{8BC9CEB8-8B4A-11D0-8D11-00A0C91BC942}") = "CG_4_circle", "CG_4_circle\CG_4_circle.vcxproj", "{AB7432EF-D1D9-4009-B92F-A34C0D944D07}"
EndProject
Global
	GlobalSection(SolutionConfigurationPlatforms) = preSolution
		Debug|x64 = Debug|x64
		Debug|x86 = Debug|x86
		Release|x64 = Release|x64
		Release|x86 = Release|x86
	EndGlobalSection
	GlobalSection(ProjectConfigurationPlatforms) = postSolution
		{B63B9B89-91C1-4B0C-AE5F-E45118D3DD92}.Debug|x64.ActiveCfg = Debug|x64
		{B63B9B89-91C1-4B0C-AE5F-E45118D3DD92}.Debug|x64.Build.0 = Debug|x64
		{B63B9B89-91C1-4B0C-AE5F-E45118D3DD92}.Debug|x86.ActiveCfg = Debug|Win32
		{B63B9B89-91C1-4B0C-AE5F-E45118D3DD92}.Debug|x86.Build.0 = Debug|Win32
		{B63B9B89-91C1-4B0C-AE5F-E45118D3DD92}.Release|x64.ActiveCfg = Release|x64
		{B63B9B89-91C1-4B0C-AE5F-E45118D3DD92}.Release|x64.Build.0 = Release|x64
		{B63B9B89-91C1-4B0C-AE5F-E45118D3DD92}.Release|x86.ActiveCfg = Release|Win32
		{B63B9B89-91C1-4B0C-AE5F-E45118D3DD92}.Release|x86.Build.0 = Release|Win32
		{60E1B1CD-C812-48B3-892E-2B2344AECAD9}.Debug|x64.ActiveCfg = Debug|x64
		{60E1B1CD-C812-48B3-892E-2B2344AECAD9}.Debug|x64.Build.0 = Debug|x64
		{60E1B1CD-C812-48B3-892E-2B2344AECAD9}.Debug|x86.ActiveCfg = Debug|Win32
		{60E1B1CD-C812-48B3-892E-2B2344AECAD9}.Debug|x86.Build.0 = Debug|Win32
		{60E1B1CD-C812-48B3-892E-2B2344AECAD9}.Release|x64.ActiveCfg = Release|x64
		{60E1B1CD-C812-48B3-892E-2B2344AECAD9}.Release|x64.Build.0 = Release|x64
		{60E1B1CD-C812-48B3-892E-2B2344AECAD9}.Release|x86.ActiveCfg = Release|Win32
		{60E1B1CD-C812-48B3-892E-2B2344AECAD9}.Release|x86.Build.0 = Release|Win32
		{0AEE4B4C-C486-4EE5-83D1-4457484FB4A0}.Debug|x64.ActiveCfg = Debug|x64
		{0AEE4B4C-C486-4EE5-83D1-4457484FB4A0}.Debug|x64.Build.0 = Debug|x64
		{0AEE4B4C-C486-4EE5-83D1-4457484FB4A0}.Debug|x86.ActiveCfg = Debug|Win32
		{0AEE4B4C-C486-4EE5-83D1-4457484FB4A0}.Debug|x86.Build.0 = Debug|Win32
		{0AEE4B4C-C486-4EE5-83D1-4457484FB4A0}.Release|x64.ActiveCfg = Release|x64
		{0AEE4B4C-C486-4EE5-83D1-4457484FB4A0}.Release|x64.Build.0 = Release|x64
		{0AEE4B4C-C486-4EE5-83D1-4457484FB4A0}.Release|x86.ActiveCfg = Release|Win32
		{0AEE4B4C-C486-4EE5-83D1-4457484FB4A0}.Release|x86.Build.0 = Release|Win32
		{5BB1BCF1-15D3-4139-BB8A-199604819F02}.Debug|x64.ActiveCfg = Debug|x64
		{5BB1BCF1-15D3-4139-BB8A-199604819F02}.Debug|x64.Build.0 = Debug|x64
		{5BB1BCF1-15D3-4139-BB8A-199604819F02}.Debug|x86.ActiveCfg = Debug|Win32
		{5BB1BCF1-15D3-4139-BB8A-199604819F02}.Debug|x86.Build.0 = Debug|Win32
		{5BB1BCF1-15D3-4139-BB8A-199604819F02}.Release|x64.ActiveCfg = Release|x64
		{5BB1BCF1-15D3-4139-BB8A-199604819F02}.Release|x64.Build.0 = Release|x64
		{5BB1BCF1-15D3-4139-BB8A-199604819F02}.Release|x86.ActiveCfg = Release|Win32
		{5BB1BCF1-15D3-4139-BB8A-199604819F02}.Release|x86.Build.0 = Release|Win32
		{6BF3959C-F624-425A-BEB4-FF058EC9D25A}.Debug|x64.ActiveCfg = Debug|x64
		{6BF3959C-F624-425A-BEB4-FF058EC9D25A}.Debug|x64.Build.0 = Debug|x64
		{6BF3959C-F624-425A-BEB4-FF058EC9D25A}.Debug|x86.ActiveCfg = Debug|Win32
		{6BF3959C-F624-425A-BEB4-FF058EC9D25A}.Debug|x86.Build.0 = Debug|Win32
		{6BF3959C-F624-425A-BEB4-FF058EC9D25A}.Release|x64.ActiveCfg = Release|x64
		{6BF3959C-F624-425A-BEB4-FF058EC9D25A}.Release|x64.Build.0 = Release|x64
		{6BF3959C-F624-425A-BEB4-FF058EC9D25A}.Release|x86.ActiveCfg = Release|Win32
		{6BF3959C-F624-425A-BEB4-FF058EC9D25A}.Release|x86.Build.0 = Release|Win32
		{4B25F882-76AB-48E5-B9CB-5FC680D643B4}.Debug|x64.ActiveCfg = Debug|x64
		{4B25F882-76AB-48E5-B9CB-5FC680D643B4}.Debug|x64.Build.0 = Debug|x64
		{4B25F882-76AB-48E5-B9CB-5FC680D643B4}.Debug|x86.ActiveCfg = Debug|Win32
		{4B25F882-76AB-48E5-B9CB-5FC680D643B4}.Debug|x86.Build.0 = Debug|Win32
		{4B25F882-76AB-48E5-B9CB-5FC680D643B4}.Release|x64.ActiveCfg = Release|x64
		{4B25F882-76AB-48E5-B9CB-5FC680D643B4}.Release|x64.Build.0 = Release|x64
		{4B25F882-76AB-48E5-B9CB-5FC680D643B4}.Release|x86.ActiveCfg = Release|Win32
		{4B25F882-76AB-48E5-B9CB-5FC680D643B4}.Release|x86.Build.0 = Release|Win32
		{87B55647-560E-4D76-8467-7D4CAC71A4EA}.Debug|x64.ActiveCfg = Debug|x64
		{87B55647-560E-4D76-8467-7D4CAC71A4EA}.Debug|x64.Build.0 = Debug|x64
		{87B55647-560E-4D76-8467-7D4CAC71A4EA}.Debug|x86.ActiveCfg = Debug|Win32
		{87B55647-560E-4D76-8467-7D4CAC71A4EA}.Debug|x86.Build.0 = Debug|Win32
		{87B55647-560E-4D76-8467-7D4CAC71A4EA}.Release|x64.ActiveCfg = Release|x64
		{87B55647-560E-4D76-8467-7D4CAC71A4EA}.Release|x64.Build.0 = Release|x64
		{87B55647-560E-4D76-8467-7D4CAC71A4EA}.Release|x86.ActiveCfg = Release|Win32
		{87B55647-560E-4D76-8467-7D4CAC71A4EA}.Release|x86.Build.0 = Release|Win32
		{C68EBAEE-31C1-4378-83F4-8813CADD244F}.Debug|x64.ActiveCfg = Debug|x64
		{C68EBAEE-31C1-4378-83F4-8813CADD244F}.Debug|x64.Build.0 = Debug|x64
		{C68EBAEE-31C1-4378-83F4-8813CADD244F}.Debug|x86.ActiveCfg = Debug|Win32
		{C68EBAEE-31C1-4378-83F4-8813CADD244F}.Debug|x86.Build.0 = Debug|Win32
		{C68EBAEE-31C1-4378-83F4-8813CADD244F}.Release|x64.ActiveCfg = Release|x64
		{C68EBAEE-31C1-4378-83F4-8813CADD244F}.Release|x64.Build.0 = Release|x64
		{C68EBAEE-31C1-4378-83F4-8813CADD244F}.Release|x86.ActiveCfg = Release|Win32
		{C68EBAEE-31C1-4378-83F4-8813CADD244F}.Release|x86.Build.0 = Release|Win32
		{F65286BE-9AE4-42EE-86E2-B5DDFB5DFFE1}.Debug|x64.ActiveCfg = Debug|x64
		{F65286BE-9AE4-42EE-86E2-B5DDFB5DFFE1}.Debug|x64.Build.0 = Debug|x64
		{F65286BE-9AE4-42EE-86E2-B5DDFB5DFFE1}.Debug|x86.ActiveCfg = Debug|Win32
		{F65286BE-9AE4-42EE-86E2-B5DDFB5DFFE1}.Debug|x86.Build.0 = Debug|Win32
		{F65286BE-9AE4-42EE-86E2-B5DDFB5DFFE1}.Release|x64.ActiveCfg = Release|x64
		{F65286BE-9AE4-42EE-86E2-B5DDFB5DFFE1}.Release|x64.Build.0 = Release|x64
		{F65286BE-9AE4-42EE-86E2-B5DDFB5DFFE1}.Release|x86.ActiveCfg = Release|Win32
		{F65286BE-9AE4-42EE-86E2-B5DDFB5DFFE1}.Release|x86.Build.0 = Release|Win32
		{0C76D612-EC0D-49AF-B93A-93F2C0A05075}.Debug|x64.ActiveCfg = Debug|x64
		{0C76D612-EC0D-49AF-B93A-93F2C0A05075}.Debug|x64.Build.0 = Debug|x64
		{0C76D612-EC0D-49AF-B93A-93F2C0A05075}.Debug|x86.ActiveCfg = Debug|Win32
		{0C76D612-EC0D-49AF-B93A-93F2C0A05075}.Debug|x86.Build.0 = Debug|Win32
		{0C76D612-EC0D-49AF-B93A-93F2C0A05075}.Release|x64.ActiveCfg = Release|x64
		{0C76D612-EC0D-49AF-B93A-93F2C0A05075}.Release|x64.Build.0 = Release|x64
		{0C76D612-EC0D-49AF-B93A-93F2C0A05075}.Release|x86.ActiveCfg = Release|Win32
		{0C76D612-EC0D-49AF-B93A-93F2C0A05075}.Release|x86.Build.0 = Release|Win32
		{5111675A-E6D9-4B23-A8F1-1FE3F6D6D794}.Debug|x64.ActiveCfg = Debug|x64
		{5111675A-E6D9-4B23-A8F1-1FE3F6D6D794}.Debug|x64.Build.0 = Debug|x64
		{5111675A-E6D9-4B23-A8F1-1FE3F6D6D794}.Debug|x86.ActiveCfg = Debug|Win32
		{5111675A-E6D9-4B23-A8F1-1FE3F6D6D794}.Debug|x86.Build.0 = Debug|Win32
		{5111675A-E6D9-4B23-A8F1-1FE3F6D6D794}.Release|x64.ActiveCfg = Release|x64
		{5111675A-E6D9-4B23-A8F1-1FE3F6D6D794}.Release|x64.Build.0 = Release|x64
		{5111675A-E6D9-4B23-A8F1-1FE3F6D6D794}.Release|x86.ActiveCfg = Release|Win32
		{5111675A-E6D9-4B23-A8F1-1FE3F6D6D794}.Release|x86.Build.0 = Release|Win32
		{699C4080-E55C-413C-BD8D-B061381DFD79}.Debug|x64.ActiveCfg = Debug|x64
		{699C4080-E55C-413C-BD8D-B061381DFD79}.Debug|x64.Build.0 = Debug|x64
		{699C4080-E55C-413C-BD8D-B061381DFD79}.Debug|x86.ActiveCfg = Debug|Win32
		{699C4080-E55C-413C-BD8D-B061381DFD79}.Debug|x86.Build.0 = Debug|Win32
		{699C4080-E55C-413C-BD8D-B061381DFD79}.Release|x64.ActiveCfg = Release|x64
		{699C4080-E55C-413C-BD8D-B061381DFD79}.Release|x64.Build.0 = Release|x64
		{699C4080-E55C-413C-BD8D-B061381DFD79}.Release|x86.ActiveCfg = Release|Win32
		{699C4080-E55C-413C-BD8D-B061381DFD79}.Release|x86.Build.0 = Release|Win32
		{E18C9DB5-9FBE-446C-A25F-ACCB08F83840}.Debug|x64.ActiveCfg = Debug|x64
		{E18C9DB5-9FBE-446C-A25F-ACCB08F83840}.Debug|x64.Build.0 = Debug|x64
		{E18C9DB5-9FBE-446C-A25F-ACCB08F83840}.Debug|x86.ActiveCfg = Debug|Win32
		{E18C9DB5-9FBE-446C-A25F-ACCB08F83840}.Debug|x86.Build.0 = Debug|Win32
		{E18C9DB5-9FBE-446C-A25F-ACCB08F83840}.Release|x64.ActiveCfg = Release|x64
		{E18C9DB5-9FBE-446C-A25F-ACCB08F83840}.Release|x64.Build.0 = Release|x64
		{E18C9DB5-9FBE-446C-A25F-ACCB08F83840}.Release|x86.ActiveCfg = Release|Win32
		{E18C9DB5-9FBE-446C-A25F-ACCB08F83840}.Release|x86.Build.0 = Release|Win32
		{DDCCAC67-2A6A-4CFB-8CB6-05E17A2496BC}.Debug|x64.ActiveCfg = Debug|x64
		{DDCCAC67-2A6A-4CFB-8CB6-05E17A2496BC}.Debug|x64.Build.0 = Debug|x64
		{DDCCAC67-2A6A-4CFB-8CB6-05E17A2496BC}.Debug|x86.ActiveCfg = Debug|Win32
		{DDCCAC67-2A6A-4CFB-8CB6-05E17A2496BC}.Debug|x86.Build.0 = Debug|Win32
		{DDCCAC67-2A6A-4CFB-8CB6-05E17A2496BC}.Release|x64.ActiveCfg = Release|x64
		{DDCCAC67-2A6A-4CFB-8CB6-05E17A2496BC}.Release|x64.Build.0 = Release|x64
		{DDCCAC67-2A6A-4CFB-8CB6-05E17A2496BC}.Release|x86.ActiveCfg = Release|Win32
		{DDCCAC67-2A6A-4CFB-8CB6-05E17A2496BC}.Release|x86.Build.0 = Release|Win32
		{AB7432EF-D1D9-4009-B92F-A34C0D944D07}.Debug|x64.ActiveCfg = Debug|x64
		{AB7432EF-D1D9-4009-B92F-A34C0D944D07}.Debug|x64.Build.0 = Debug|x64
		{AB7432EF-D1D9-4009-B92F-A34C0D944D07}.Debug|x86.ActiveCfg = Debug|Win32
		{AB7432EF-D1D9-4009-B92F-A34C0D944D07}.Debug|x86.Build.0 = Debug|Win32
		{AB7432EF-D1D9-4009-B92F-A34C0D944D07}.Release|x64.ActiveCfg = Release|x64
		{AB7432EF-D1D9-4009-B92F-A34C0D944D07}.Release|x64.Build.0 = Release|x64
		{AB7432EF-D1D9-4009-B92F-A34C0D944D07}.Release|x86.ActiveCfg = Release|Win32
		{AB7432EF-D1D9-4009-B92F-A34C0D944D07}.Release|x86.Build.0 = Release|Win32
	EndGlobalSection
	GlobalSection(SolutionProperties) = preSolution
		HideSolutionNode = FALSE
	EndGlobalSection
	GlobalSection(ExtensibilityGlobals) = postSolution
		SolutionGuid = {E21BD589-E863-4BF3-A38D-849C323140CE}
	EndGlobalSection
EndGlobal
